// !$*UTF8*$!
{
	archiveVersion = 1;
	classes = {
	};
	objectVersion = 77;
	objects = {

/* Begin PBXBuildFile section */
		BF99781B2D0140B600691553 /* Preview Assets.xcassets in Resources */ = {isa = PBXBuildFile; fileRef = BF9978152D0140B600691553 /* Preview Assets.xcassets */; };
		BF99781C2D0140B600691553 /* Assets.xcassets in Resources */ = {isa = PBXBuildFile; fileRef = BF9978172D0140B600691553 /* Assets.xcassets */; };
		BF99781D2D0140B600691553 /* ContentView.swift in Sources */ = {isa = PBXBuildFile; fileRef = BF9978182D0140B600691553 /* ContentView.swift */; };
		BF99781E2D0140B600691553 /* WebReadingListApp.swift in Sources */ = {isa = PBXBuildFile; fileRef = BF9978192D0140B600691553 /* WebReadingListApp.swift */; };
		BF9978212D01410D00691553 /* ReadingItem.swift in Sources */ = {isa = PBXBuildFile; fileRef = BF9978202D01410D00691553 /* ReadingItem.swift */; };
		BF9978272D014B9B00691553 /* ReadingDetailView.swift in Sources */ = {isa = PBXBuildFile; fileRef = BF9978262D014B9B00691553 /* ReadingDetailView.swift */; };
		BF9978292D014C3000691553 /* ReadingListView.swift in Sources */ = {isa = PBXBuildFile; fileRef = BF9978282D014C3000691553 /* ReadingListView.swift */; };
		BF99782B2D014EB300691553 /* ReadingDataEditorView.swift in Sources */ = {isa = PBXBuildFile; fileRef = BF99782A2D014EB300691553 /* ReadingDataEditorView.swift */; };
		BFBB6DD02D018B160056CB7C /* ReadingDataViewModel.swift in Sources */ = {isa = PBXBuildFile; fileRef = BFBB6DCF2D018B0D0056CB7C /* ReadingDataViewModel.swift */; };
		BFBB6DD22D01B07D0056CB7C /* TryNavigationStack.swift in Sources */ = {isa = PBXBuildFile; fileRef = BFBB6DD12D01B07D0056CB7C /* TryNavigationStack.swift */; };
/* End PBXBuildFile section */

/* Begin PBXFileReference section */
		BF9978042D0140A800691553 /* WebReadingList.app */ = {isa = PBXFileReference; explicitFileType = wrapper.application; includeInIndex = 0; path = WebReadingList.app; sourceTree = BUILT_PRODUCTS_DIR; };
		BF9978152D0140B600691553 /* Preview Assets.xcassets */ = {isa = PBXFileReference; lastKnownFileType = folder.assetcatalog; path = "Preview Assets.xcassets"; sourceTree = "<group>"; };
		BF9978172D0140B600691553 /* Assets.xcassets */ = {isa = PBXFileReference; lastKnownFileType = folder.assetcatalog; path = Assets.xcassets; sourceTree = "<group>"; };
		BF9978182D0140B600691553 /* ContentView.swift */ = {isa = PBXFileReference; lastKnownFileType = sourcecode.swift; path = ContentView.swift; sourceTree = "<group>"; };
		BF9978192D0140B600691553 /* WebReadingListApp.swift */ = {isa = PBXFileReference; lastKnownFileType = sourcecode.swift; path = WebReadingListApp.swift; sourceTree = "<group>"; };
		BF9978202D01410D00691553 /* ReadingItem.swift */ = {isa = PBXFileReference; lastKnownFileType = sourcecode.swift; path = ReadingItem.swift; sourceTree = "<group>"; };
		BF9978262D014B9B00691553 /* ReadingDetailView.swift */ = {isa = PBXFileReference; lastKnownFileType = sourcecode.swift; path = ReadingDetailView.swift; sourceTree = "<group>"; };
		BF9978282D014C3000691553 /* ReadingListView.swift */ = {isa = PBXFileReference; lastKnownFileType = sourcecode.swift; path = ReadingListView.swift; sourceTree = "<group>"; };
		BF99782A2D014EB300691553 /* ReadingDataEditorView.swift */ = {isa = PBXFileReference; lastKnownFileType = sourcecode.swift; path = ReadingDataEditorView.swift; sourceTree = "<group>"; };
		BFBB6DCF2D018B0D0056CB7C /* ReadingDataViewModel.swift */ = {isa = PBXFileReference; lastKnownFileType = sourcecode.swift; path = ReadingDataViewModel.swift; sourceTree = "<group>"; };
		BFBB6DD12D01B07D0056CB7C /* TryNavigationStack.swift */ = {isa = PBXFileReference; lastKnownFileType = sourcecode.swift; path = TryNavigationStack.swift; sourceTree = "<group>"; };
/* End PBXFileReference section */

/* Begin PBXFrameworksBuildPhase section */
		BF9978012D0140A800691553 /* Frameworks */ = {
			isa = PBXFrameworksBuildPhase;
			buildActionMask = 2147483647;
			files = (
			);
			runOnlyForDeploymentPostprocessing = 0;
		};
/* End PBXFrameworksBuildPhase section */

/* Begin PBXGroup section */
		BF9977FB2D0140A800691553 = {
			isa = PBXGroup;
			children = (
				BF99781A2D0140B600691553 /* WebReadingList */,
				BF9978052D0140A800691553 /* Products */,
			);
			sourceTree = "<group>";
		};
		BF9978052D0140A800691553 /* Products */ = {
			isa = PBXGroup;
			children = (
				BF9978042D0140A800691553 /* WebReadingList.app */,
			);
			name = Products;
			sourceTree = "<group>";
		};
		BF9978162D0140B600691553 /* Preview Content */ = {
			isa = PBXGroup;
			children = (
				BF9978152D0140B600691553 /* Preview Assets.xcassets */,
			);
			path = "Preview Content";
			sourceTree = "<group>";
		};
		BF99781A2D0140B600691553 /* WebReadingList */ = {
			isa = PBXGroup;
			children = (
				BFBB6DCE2D018AFF0056CB7C /* ViewModel */,
				BF9978252D014B8300691553 /* View */,
				BF99781F2D0140EF00691553 /* Model */,
				BF9978182D0140B600691553 /* ContentView.swift */,
				BF9978192D0140B600691553 /* WebReadingListApp.swift */,
				BF9978172D0140B600691553 /* Assets.xcassets */,
				BF9978162D0140B600691553 /* Preview Content */,
			);
			path = WebReadingList;
			sourceTree = "<group>";
		};
		BF99781F2D0140EF00691553 /* Model */ = {
			isa = PBXGroup;
			children = (
				BF9978202D01410D00691553 /* ReadingItem.swift */,
			);
			path = Model;
			sourceTree = "<group>";
		};
		BF9978252D014B8300691553 /* View */ = {
			isa = PBXGroup;
			children = (
				BF9978262D014B9B00691553 /* ReadingDetailView.swift */,
				BF9978282D014C3000691553 /* ReadingListView.swift */,
				BF99782A2D014EB300691553 /* ReadingDataEditorView.swift */,
				BFBB6DD12D01B07D0056CB7C /* TryNavigationStack.swift */,
			);
			path = View;
			sourceTree = "<group>";
		};
		BFBB6DCE2D018AFF0056CB7C /* ViewModel */ = {
			isa = PBXGroup;
			children = (
				BFBB6DCF2D018B0D0056CB7C /* ReadingDataViewModel.swift */,
			);
			path = ViewModel;
			sourceTree = "<group>";
		};
/* End PBXGroup section */

/* Begin PBXNativeTarget section */
		BF9978032D0140A800691553 /* WebReadingList */ = {
			isa = PBXNativeTarget;
			buildConfigurationList = BF9978122D0140A900691553 /* Build configuration list for PBXNativeTarget "WebReadingList" */;
			buildPhases = (
				BF9978002D0140A800691553 /* Sources */,
				BF9978012D0140A800691553 /* Frameworks */,
				BF9978022D0140A800691553 /* Resources */,
			);
			buildRules = (
			);
			dependencies = (
			);
			name = WebReadingList;
			packageProductDependencies = (
			);
			productName = WebReadingList;
			productReference = BF9978042D0140A800691553 /* WebReadingList.app */;
			productType = "com.apple.product-type.application";
		};
/* End PBXNativeTarget section */

/* Begin PBXProject section */
		BF9977FC2D0140A800691553 /* Project object */ = {
			isa = PBXProject;
			attributes = {
				BuildIndependentTargetsInParallel = 1;
				LastSwiftUpdateCheck = 1610;
				LastUpgradeCheck = 1610;
				TargetAttributes = {
					BF9978032D0140A800691553 = {
						CreatedOnToolsVersion = 16.1;
					};
				};
			};
			buildConfigurationList = BF9977FF2D0140A800691553 /* Build configuration list for PBXProject "WebReadingList" */;
			developmentRegion = en;
			hasScannedForEncodings = 0;
			knownRegions = (
				en,
				Base,
			);
			mainGroup = BF9977FB2D0140A800691553;
			minimizedProjectReferenceProxies = 1;
			preferredProjectObjectVersion = 77;
			productRefGroup = BF9978052D0140A800691553 /* Products */;
			projectDirPath = "";
			projectRoot = "";
			targets = (
				BF9978032D0140A800691553 /* WebReadingList */,
			);
		};
/* End PBXProject section */

/* Begin PBXResourcesBuildPhase section */
		BF9978022D0140A800691553 /* Resources */ = {
			isa = PBXResourcesBuildPhase;
			buildActionMask = 2147483647;
			files = (
				BF99781B2D0140B600691553 /* Preview Assets.xcassets in Resources */,
				BF99781C2D0140B600691553 /* Assets.xcassets in Resources */,
			);
			runOnlyForDeploymentPostprocessing = 0;
		};
/* End PBXResourcesBuildPhase section */

/* Begin PBXSourcesBuildPhase section */
		BF9978002D0140A800691553 /* Sources */ = {
			isa = PBXSourcesBuildPhase;
			buildActionMask = 2147483647;
			files = (
				BFBB6DD22D01B07D0056CB7C /* TryNavigationStack.swift in Sources */,
				BFBB6DD02D018B160056CB7C /* ReadingDataViewModel.swift in Sources */,
				BF99781D2D0140B600691553 /* ContentView.swift in Sources */,
				BF99781E2D0140B600691553 /* WebReadingListApp.swift in Sources */,
				BF99782B2D014EB300691553 /* ReadingDataEditorView.swift in Sources */,
				BF9978292D014C3000691553 /* ReadingListView.swift in Sources */,
				BF9978272D014B9B00691553 /* ReadingDetailView.swift in Sources */,
				BF9978212D01410D00691553 /* ReadingItem.swift in Sources */,
			);
			runOnlyForDeploymentPostprocessing = 0;
		};
/* End PBXSourcesBuildPhase section */

/* Begin XCBuildConfiguration section */
		BF9978102D0140A900691553 /* Debug */ = {
			isa = XCBuildConfiguration;
			buildSettings = {
				ALWAYS_SEARCH_USER_PATHS = NO;
				ASSETCATALOG_COMPILER_GENERATE_SWIFT_ASSET_SYMBOL_EXTENSIONS = YES;
				CLANG_ANALYZER_NONNULL = YES;
				CLANG_ANALYZER_NUMBER_OBJECT_CONVERSION = YES_AGGRESSIVE;
				CLANG_CXX_LANGUAGE_STANDARD = "gnu++20";
				CLANG_ENABLE_MODULES = YES;
				CLANG_ENABLE_OBJC_ARC = YES;
				CLANG_ENABLE_OBJC_WEAK = YES;
				CLANG_WARN_BLOCK_CAPTURE_AUTORELEASING = YES;
				CLANG_WARN_BOOL_CONVERSION = YES;
				CLANG_WARN_COMMA = YES;
				CLANG_WARN_CONSTANT_CONVERSION = YES;
				CLANG_WARN_DEPRECATED_OBJC_IMPLEMENTATIONS = YES;
				CLANG_WARN_DIRECT_OBJC_ISA_USAGE = YES_ERROR;
				CLANG_WARN_DOCUMENTATION_COMMENTS = YES;
				CLANG_WARN_EMPTY_BODY = YES;
				CLANG_WARN_ENUM_CONVERSION = YES;
				CLANG_WARN_INFINITE_RECURSION = YES;
				CLANG_WARN_INT_CONVERSION = YES;
				CLANG_WARN_NON_LITERAL_NULL_CONVERSION = YES;
				CLANG_WARN_OBJC_IMPLICIT_RETAIN_SELF = YES;
				CLANG_WARN_OBJC_LITERAL_CONVERSION = YES;
				CLANG_WARN_OBJC_ROOT_CLASS = YES_ERROR;
				CLANG_WARN_QUOTED_INCLUDE_IN_FRAMEWORK_HEADER = YES;
				CLANG_WARN_RANGE_LOOP_ANALYSIS = YES;
				CLANG_WARN_STRICT_PROTOTYPES = YES;
				CLANG_WARN_SUSPICIOUS_MOVE = YES;
				CLANG_WARN_UNGUARDED_AVAILABILITY = YES_AGGRESSIVE;
				CLANG_WARN_UNREACHABLE_CODE = YES;
				CLANG_WARN__DUPLICATE_METHOD_MATCH = YES;
				COPY_PHASE_STRIP = NO;
				DEBUG_INFORMATION_FORMAT = dwarf;
				ENABLE_STRICT_OBJC_MSGSEND = YES;
				ENABLE_TESTABILITY = YES;
				ENABLE_USER_SCRIPT_SANDBOXING = YES;
				GCC_C_LANGUAGE_STANDARD = gnu17;
				GCC_DYNAMIC_NO_PIC = NO;
				GCC_NO_COMMON_BLOCKS = YES;
				GCC_OPTIMIZATION_LEVEL = 0;
				GCC_PREPROCESSOR_DEFINITIONS = (
					"DEBUG=1",
					"$(inherited)",
				);
				GCC_WARN_64_TO_32_BIT_CONVERSION = YES;
				GCC_WARN_ABOUT_RETURN_TYPE = YES_ERROR;
				GCC_WARN_UNDECLARED_SELECTOR = YES;
				GCC_WARN_UNINITIALIZED_AUTOS = YES_AGGRESSIVE;
				GCC_WARN_UNUSED_FUNCTION = YES;
				GCC_WARN_UNUSED_VARIABLE = YES;
				IPHONEOS_DEPLOYMENT_TARGET = 18.1;
				LOCALIZATION_PREFERS_STRING_CATALOGS = YES;
				MTL_ENABLE_DEBUG_INFO = INCLUDE_SOURCE;
				MTL_FAST_MATH = YES;
				ONLY_ACTIVE_ARCH = YES;
				SDKROOT = iphoneos;
				SWIFT_ACTIVE_COMPILATION_CONDITIONS = "DEBUG $(inherited)";
				SWIFT_OPTIMIZATION_LEVEL = "-Onone";
			};
			name = Debug;
		};
		BF9978112D0140A900691553 /* Release */ = {
			isa = XCBuildConfiguration;
			buildSettings = {
				ALWAYS_SEARCH_USER_PATHS = NO;
				ASSETCATALOG_COMPILER_GENERATE_SWIFT_ASSET_SYMBOL_EXTENSIONS = YES;
				CLANG_ANALYZER_NONNULL = YES;
				CLANG_ANALYZER_NUMBER_OBJECT_CONVERSION = YES_AGGRESSIVE;
				CLANG_CXX_LANGUAGE_STANDARD = "gnu++20";
				CLANG_ENABLE_MODULES = YES;
				CLANG_ENABLE_OBJC_ARC = YES;
				CLANG_ENABLE_OBJC_WEAK = YES;
				CLANG_WARN_BLOCK_CAPTURE_AUTORELEASING = YES;
				CLANG_WARN_BOOL_CONVERSION = YES;
				CLANG_WARN_COMMA = YES;
				CLANG_WARN_CONSTANT_CONVERSION = YES;
				CLANG_WARN_DEPRECATED_OBJC_IMPLEMENTATIONS = YES;
				CLANG_WARN_DIRECT_OBJC_ISA_USAGE = YES_ERROR;
				CLANG_WARN_DOCUMENTATION_COMMENTS = YES;
				CLANG_WARN_EMPTY_BODY = YES;
				CLANG_WARN_ENUM_CONVERSION = YES;
				CLANG_WARN_INFINITE_RECURSION = YES;
				CLANG_WARN_INT_CONVERSION = YES;
				CLANG_WARN_NON_LITERAL_NULL_CONVERSION = YES;
				CLANG_WARN_OBJC_IMPLICIT_RETAIN_SELF = YES;
				CLANG_WARN_OBJC_LITERAL_CONVERSION = YES;
				CLANG_WARN_OBJC_ROOT_CLASS = YES_ERROR;
				CLANG_WARN_QUOTED_INCLUDE_IN_FRAMEWORK_HEADER = YES;
				CLANG_WARN_RANGE_LOOP_ANALYSIS = YES;
				CLANG_WARN_STRICT_PROTOTYPES = YES;
				CLANG_WARN_SUSPICIOUS_MOVE = YES;
				CLANG_WARN_UNGUARDED_AVAILABILITY = YES_AGGRESSIVE;
				CLANG_WARN_UNREACHABLE_CODE = YES;
				CLANG_WARN__DUPLICATE_METHOD_MATCH = YES;
				COPY_PHASE_STRIP = NO;
				DEBUG_INFORMATION_FORMAT = "dwarf-with-dsym";
				ENABLE_NS_ASSERTIONS = NO;
				ENABLE_STRICT_OBJC_MSGSEND = YES;
				ENABLE_USER_SCRIPT_SANDBOXING = YES;
				GCC_C_LANGUAGE_STANDARD = gnu17;
				GCC_NO_COMMON_BLOCKS = YES;
				GCC_WARN_64_TO_32_BIT_CONVERSION = YES;
				GCC_WARN_ABOUT_RETURN_TYPE = YES_ERROR;
				GCC_WARN_UNDECLARED_SELECTOR = YES;
				GCC_WARN_UNINITIALIZED_AUTOS = YES_AGGRESSIVE;
				GCC_WARN_UNUSED_FUNCTION = YES;
				GCC_WARN_UNUSED_VARIABLE = YES;
				IPHONEOS_DEPLOYMENT_TARGET = 18.1;
				LOCALIZATION_PREFERS_STRING_CATALOGS = YES;
				MTL_ENABLE_DEBUG_INFO = NO;
				MTL_FAST_MATH = YES;
				SDKROOT = iphoneos;
				SWIFT_COMPILATION_MODE = wholemodule;
				VALIDATE_PRODUCT = YES;
			};
			name = Release;
		};
		BF9978132D0140A900691553 /* Debug */ = {
			isa = XCBuildConfiguration;
			buildSettings = {
				ASSETCATALOG_COMPILER_APPICON_NAME = AppIcon;
				ASSETCATALOG_COMPILER_GLOBAL_ACCENT_COLOR_NAME = AccentColor;
				CODE_SIGN_STYLE = Automatic;
				CURRENT_PROJECT_VERSION = 1;
				DEVELOPMENT_ASSET_PATHS = "\"WebReadingList/Preview Content\"";
				DEVELOPMENT_TEAM = T9MD4URZFH;
				ENABLE_PREVIEWS = YES;
				GENERATE_INFOPLIST_FILE = YES;
				INFOPLIST_KEY_UIApplicationSceneManifest_Generation = YES;
				INFOPLIST_KEY_UIApplicationSupportsIndirectInputEvents = YES;
				INFOPLIST_KEY_UILaunchScreen_Generation = YES;
				INFOPLIST_KEY_UISupportedInterfaceOrientations_iPad = "UIInterfaceOrientationPortrait UIInterfaceOrientationPortraitUpsideDown UIInterfaceOrientationLandscapeLeft UIInterfaceOrientationLandscapeRight";
				INFOPLIST_KEY_UISupportedInterfaceOrientations_iPhone = "UIInterfaceOrientationPortrait UIInterfaceOrientationLandscapeLeft UIInterfaceOrientationLandscapeRight";
				LD_RUNPATH_SEARCH_PATHS = (
					"$(inherited)",
					"@executable_path/Frameworks",
				);
				MARKETING_VERSION = 1.0;
				PRODUCT_BUNDLE_IDENTIFIER = com.superkookai.WebReadingList;
				PRODUCT_NAME = "$(TARGET_NAME)";
				SWIFT_EMIT_LOC_STRINGS = YES;
				SWIFT_VERSION = 5.0;
				TARGETED_DEVICE_FAMILY = "1,2";
			};
			name = Debug;
		};
		BF9978142D0140A900691553 /* Release */ = {
			isa = XCBuildConfiguration;
			buildSettings = {
				ASSETCATALOG_COMPILER_APPICON_NAME = AppIcon;
				ASSETCATALOG_COMPILER_GLOBAL_ACCENT_COLOR_NAME = AccentColor;
				CODE_SIGN_STYLE = Automatic;
				CURRENT_PROJECT_VERSION = 1;
				DEVELOPMENT_ASSET_PATHS = "\"WebReadingList/Preview Content\"";
				DEVELOPMENT_TEAM = T9MD4URZFH;
				ENABLE_PREVIEWS = YES;
				GENERATE_INFOPLIST_FILE = YES;
				INFOPLIST_KEY_UIApplicationSceneManifest_Generation = YES;
				INFOPLIST_KEY_UIApplicationSupportsIndirectInputEvents = YES;
				INFOPLIST_KEY_UILaunchScreen_Generation = YES;
				INFOPLIST_KEY_UISupportedInterfaceOrientations_iPad = "UIInterfaceOrientationPortrait UIInterfaceOrientationPortraitUpsideDown UIInterfaceOrientationLandscapeLeft UIInterfaceOrientationLandscapeRight";
				INFOPLIST_KEY_UISupportedInterfaceOrientations_iPhone = "UIInterfaceOrientationPortrait UIInterfaceOrientationLandscapeLeft UIInterfaceOrientationLandscapeRight";
				LD_RUNPATH_SEARCH_PATHS = (
					"$(inherited)",
					"@executable_path/Frameworks",
				);
				MARKETING_VERSION = 1.0;
				PRODUCT_BUNDLE_IDENTIFIER = com.superkookai.WebReadingList;
				PRODUCT_NAME = "$(TARGET_NAME)";
				SWIFT_EMIT_LOC_STRINGS = YES;
				SWIFT_VERSION = 5.0;
				TARGETED_DEVICE_FAMILY = "1,2";
			};
			name = Release;
		};
/* End XCBuildConfiguration section */

/* Begin XCConfigurationList section */
		BF9977FF2D0140A800691553 /* Build configuration list for PBXProject "WebReadingList" */ = {
			isa = XCConfigurationList;
			buildConfigurations = (
				BF9978102D0140A900691553 /* Debug */,
				BF9978112D0140A900691553 /* Release */,
			);
			defaultConfigurationIsVisible = 0;
			defaultConfigurationName = Release;
		};
		BF9978122D0140A900691553 /* Build configuration list for PBXNativeTarget "WebReadingList" */ = {
			isa = XCConfigurationList;
			buildConfigurations = (
				BF9978132D0140A900691553 /* Debug */,
				BF9978142D0140A900691553 /* Release */,
			);
			defaultConfigurationIsVisible = 0;
			defaultConfigurationName = Release;
		};
/* End XCConfigurationList section */
	};
	rootObject = BF9977FC2D0140A800691553 /* Project object */;
}
